# This file is automatically @generated by Cargo.
# It is not intended for manual editing.
[[package]]
name = "speexdsp"
version = "0.1.1"
source = "git+https://github.com/rust-av/speexdsp-rs#9cf508045770ad92e52fe681cb01f27bd23587c8"

[[package]]
name = "speexdsp_reset_mem_test"
version = "0.1.0"
dependencies = [
 "speexdsp 0.1.1 (git+https://github.com/rust-av/speexdsp-rs)",
]

[metadata]
"checksum speexdsp 0.1.1 (git+https://github.com/rust-av/speexdsp-rs)" = "<none>"
